hash: 089a59ce8d6d65122d5b5a59140eb2bffe5158631a1e8447f51a742884b6313b
updated: 2017-08-23T15:28:59.703066316+02:00
imports:
- name: github.com/sirupsen/logrus
  version: 89742aefa4b206dcf400792f3bd35b542998eb3b
- name: golang.org/x/crypto
  version: eb71ad9bd329b5ac0fd0148dd99bd62e8be8e035
  subpackages:
  - ssh/terminal
- name: golang.org/x/net
  version: 1c05540f6879653db88113bc4a2b70aec4bd491f
  subpackages:
  - context
- name: golang.org/x/sys
  version: 07c182904dbd53199946ba614a412c61d3c548f5
  subpackages:
  - unix
  - windows
testImports: []
